
Microsoft Visual Studio Solution File, Format Version 12.00
# Visual Studio Version 16
VisualStudioVersion = 16.0.32126.315
MinimumVisualStudioVersion = 10.0.40219.1
Project("{9A19103F-16F7-4668-BE54-9A1E7A4F7556}") = "TodoApi", "TodoApi.csproj", "{BE114F5A-67C3-4D92-9C21-29D4134D3C90}"
EndProject
Global
	GlobalSection(SolutionConfigurationPlatforms) = preSolution
		Debug|Any CPU = Debug|Any CPU
		Release|Any CPU = Release|Any CPU
	EndGlobalSection
	GlobalSection(ProjectConfigurationPlatforms) = postSolution
		{BE114F5A-67C3-4D92-9C21-29D4134D3C90}.Debug|Any CPU.ActiveCfg = Debug|Any CPU
		{BE114F5A-67C3-4D92-9C21-29D4134D3C90}.Debug|Any CPU.Build.0 = Debug|Any CPU
		{BE114F5A-67C3-4D92-9C21-29D4134D3C90}.Release|Any CPU.ActiveCfg = Release|Any CPU
		{BE114F5A-67C3-4D92-9C21-29D4134D3C90}.Release|Any CPU.Build.0 = Release|Any CPU
	EndGlobalSection
	GlobalSection(SolutionProperties) = preSolution
		HideSolutionNode = FALSE
	EndGlobalSection
	GlobalSection(ExtensibilityGlobals) = postSolution
		SolutionGuid = {DEA66822-1AB2-4F0D-BE6E-082A9DB4D6C2}
	EndGlobalSection
EndGlobal
